PODS:
  - GCDWebServer (3.5.4):
    - GCDWebServer/Core (= 3.5.4)
  - GCDWebServer/Core (3.5.4)
  - GCDWebServer/WebUploader (3.5.4):
    - GCDWebServer/Core
  - Simpleer (0.1.0):
    - GCDWebServer (~> 3.0)
    - GCDWebServer/WebUploader (~> 3.0)

DEPENDENCIES:
  - Simpleer (from `../`)

SPEC REPOS:
  trunk:
    - GCDWebServer

EXTERNAL SOURCES:
  Simpleer:
    :path: "../"

SPEC CHECKSUMS:
  GCDWebServer: 2c156a56c8226e2d5c0c3f208a3621ccffbe3ce4
  Simpleer: f46e299f9a24025d51d3d6db8b1979270b591b26

PODFILE CHECKSUM: 6ba84e1a09d08e40547b63109733ce6f040863d0

COCOAPODS: 1.9.3
